
Microsoft Visual Studio Solution File, Format Version 12.00
# Visual Studio Version 16
VisualStudioVersion = 16.0.30907.101
MinimumVisualStudioVersion = 10.0.40219.1
Project("{F184B08F-C81C-45F6-A57F-5ABD9991F28F}") = "FortuneCookie", "FortuneCookie.vbproj", "{671FFE88-D1A7-46CB-B551-9583CAA6540D}"
EndProject
Global
	GlobalSection(SolutionConfigurationPlatforms) = preSolution
		Debug|Any CPU = Debug|Any CPU
		Release|Any CPU = Release|Any CPU
	EndGlobalSection
	GlobalSection(ProjectConfigurationPlatforms) = postSolution
		{671FFE88-D1A7-46CB-B551-9583CAA6540D}.Debug|Any CPU.ActiveCfg = Debug|Any CPU
		{671FFE88-D1A7-46CB-B551-9583CAA6540D}.Debug|Any CPU.Build.0 = Debug|Any CPU
		{671FFE88-D1A7-46CB-B551-9583CAA6540D}.Release|Any CPU.ActiveCfg = Release|Any CPU
		{671FFE88-D1A7-46CB-B551-9583CAA6540D}.Release|Any CPU.Build.0 = Release|Any CPU
	EndGlobalSection
	GlobalSection(SolutionProperties) = preSolution
		HideSolutionNode = FALSE
	EndGlobalSection
	GlobalSection(ExtensibilityGlobals) = postSolution
		SolutionGuid = {FE84A012-65A5-4886-BE6B-AB71A822E2CF}
	EndGlobalSection
EndGlobal
